// !$*UTF8*$!
{
	archiveVersion = 1;
	classes = {
	};
	objectVersion = 77;
	objects = {

/* Begin PBXBuildFile section */
		0706E6DB252713BB8595AC19 /* ScreenStates in Frameworks */ = {isa = PBXBuildFile; productRef = 0837E1A780D32D9038D784FD /* ScreenStates */; };
		32C1A5ED242BDA202AE08C44 /* ArticlesScreen.swift in Sources */ = {isa = PBXBuildFile; fileRef = EA5EB3A9B707F1948E3BECC0 /* ArticlesScreen.swift */; };
		5EBDE995516DF5E0AD36A58A /* TasksViewController.swift in Sources */ = {isa = PBXBuildFile; fileRef = CEF5EB921F807BA1CE117708 /* TasksViewController.swift */; };
		6E238544A8105BFACB1D59C8 /* DemoServices.swift in Sources */ = {isa = PBXBuildFile; fileRef = 7150E3F796C84F47E330D8F7 /* DemoServices.swift */; };
		B47BC89DDE869D391D70CCF5 /* TasksListView.swift in Sources */ = {isa = PBXBuildFile; fileRef = 80BA24ACB50F55BC18CA5C3A /* TasksListView.swift */; };
		D96598888753E7BE4A560FB1 /* DemoModels.swift in Sources */ = {isa = PBXBuildFile; fileRef = 79B692F80BCA903AF929766F /* DemoModels.swift */; };
		DF9AE17F507BDECDAF6A01A6 /* ScreenStatesDemoApp.swift in Sources */ = {isa = PBXBuildFile; fileRef = 9AED60AC71406B53F6AC175F /* ScreenStatesDemoApp.swift */; };
		ECDC49B2C3EC587525164758 /* TasksScreenRepresentable.swift in Sources */ = {isa = PBXBuildFile; fileRef = 08541FD1209D3E70AACD96C0 /* TasksScreenRepresentable.swift */; };
/* End PBXBuildFile section */

/* Begin PBXFileReference section */
		08541FD1209D3E70AACD96C0 /* TasksScreenRepresentable.swift */ = {isa = PBXFileReference; lastKnownFileType = sourcecode.swift; path = TasksScreenRepresentable.swift; sourceTree = "<group>"; };
		10DA3CEF534D19FC5BCF1EE0 /* ScreenStatesDemo.app */ = {isa = PBXFileReference; includeInIndex = 0; lastKnownFileType = wrapper.application; path = ScreenStatesDemo.app; sourceTree = BUILT_PRODUCTS_DIR; };
		5160183147BF3BCF4D746D9D /* ScreenStates */ = {isa = PBXFileReference; lastKnownFileType = folder; name = ScreenStates; path = ../..; sourceTree = SOURCE_ROOT; };
		7150E3F796C84F47E330D8F7 /* DemoServices.swift */ = {isa = PBXFileReference; lastKnownFileType = sourcecode.swift; path = DemoServices.swift; sourceTree = "<group>"; };
		79B692F80BCA903AF929766F /* DemoModels.swift */ = {isa = PBXFileReference; lastKnownFileType = sourcecode.swift; path = DemoModels.swift; sourceTree = "<group>"; };
		80BA24ACB50F55BC18CA5C3A /* TasksListView.swift */ = {isa = PBXFileReference; lastKnownFileType = sourcecode.swift; path = TasksListView.swift; sourceTree = "<group>"; };
		9AED60AC71406B53F6AC175F /* ScreenStatesDemoApp.swift */ = {isa = PBXFileReference; lastKnownFileType = sourcecode.swift; path = ScreenStatesDemoApp.swift; sourceTree = "<group>"; };
		CEF5EB921F807BA1CE117708 /* TasksViewController.swift */ = {isa = PBXFileReference; lastKnownFileType = sourcecode.swift; path = TasksViewController.swift; sourceTree = "<group>"; };
		EA5EB3A9B707F1948E3BECC0 /* ArticlesScreen.swift */ = {isa = PBXFileReference; lastKnownFileType = sourcecode.swift; path = ArticlesScreen.swift; sourceTree = "<group>"; };
/* End PBXFileReference section */

/* Begin PBXFrameworksBuildPhase section */
		7A6D90C0E3FECA5E25D706C4 /* Frameworks */ = {
			isa = PBXFrameworksBuildPhase;
			buildActionMask = 2147483647;
			files = (
				0706E6DB252713BB8595AC19 /* ScreenStates in Frameworks */,
			);
			runOnlyForDeploymentPostprocessing = 0;
		};
/* End PBXFrameworksBuildPhase section */

/* Begin PBXGroup section */
		0670A020DF44A3D49A459EE8 = {
			isa = PBXGroup;
			children = (
				9CA18752DDDF674B96BC19FA /* Packages */,
				3D03C0B703CA388062EAF877 /* ScreenStatesDemo */,
				355ED91E4D13CA1651A1E904 /* Products */,
			);
			sourceTree = "<group>";
		};
		355ED91E4D13CA1651A1E904 /* Products */ = {
			isa = PBXGroup;
			children = (
				10DA3CEF534D19FC5BCF1EE0 /* ScreenStatesDemo.app */,
			);
			name = Products;
			sourceTree = "<group>";
		};
		3D03C0B703CA388062EAF877 /* ScreenStatesDemo */ = {
			isa = PBXGroup;
			children = (
				EA5EB3A9B707F1948E3BECC0 /* ArticlesScreen.swift */,
				79B692F80BCA903AF929766F /* DemoModels.swift */,
				7150E3F796C84F47E330D8F7 /* DemoServices.swift */,
				9AED60AC71406B53F6AC175F /* ScreenStatesDemoApp.swift */,
				80BA24ACB50F55BC18CA5C3A /* TasksListView.swift */,
				08541FD1209D3E70AACD96C0 /* TasksScreenRepresentable.swift */,
				CEF5EB921F807BA1CE117708 /* TasksViewController.swift */,
			);
			path = ScreenStatesDemo;
			sourceTree = "<group>";
		};
		9CA18752DDDF674B96BC19FA /* Packages */ = {
			isa = PBXGroup;
			children = (
				5160183147BF3BCF4D746D9D /* ScreenStates */,
			);
			name = Packages;
			sourceTree = "<group>";
		};
/* End PBXGroup section */

/* Begin PBXNativeTarget section */
		60A8821F00B3E54B75696B9A /* ScreenStatesDemo */ = {
			isa = PBXNativeTarget;
			buildConfigurationList = BED6A135FD99D5F6A6AB2138 /* Build configuration list for PBXNativeTarget "ScreenStatesDemo" */;
			buildPhases = (
				01A7DD92127C06A88287ABAC /* Sources */,
				7A6D90C0E3FECA5E25D706C4 /* Frameworks */,
			);
			buildRules = (
			);
			dependencies = (
			);
			name = ScreenStatesDemo;
			packageProductDependencies = (
				0837E1A780D32D9038D784FD /* ScreenStates */,
			);
			productName = ScreenStatesDemo;
			productReference = 10DA3CEF534D19FC5BCF1EE0 /* ScreenStatesDemo.app */;
			productType = "com.apple.product-type.application";
		};
/* End PBXNativeTarget section */

/* Begin PBXProject section */
		56EFEA1E73F1838D2CAFBBAF /* Project object */ = {
			isa = PBXProject;
			attributes = {
				BuildIndependentTargetsInParallel = YES;
				LastUpgradeCheck = 1430;
				TargetAttributes = {
				};
			};
			buildConfigurationList = F807E9A4593014162457E7F6 /* Build configuration list for PBXProject "ScreenStatesDemo" */;
			developmentRegion = en;
			hasScannedForEncodings = 0;
			knownRegions = (
				Base,
				en,
			);
			mainGroup = 0670A020DF44A3D49A459EE8;
			minimizedProjectReferenceProxies = 1;
			packageReferences = (
				187672039E9B82743A8AE4CC /* XCLocalSwiftPackageReference "../.." */,
			);
			preferredProjectObjectVersion = 77;
			productRefGroup = 355ED91E4D13CA1651A1E904 /* Products */;
			projectDirPath = "";
			projectRoot = "";
			targets = (
				60A8821F00B3E54B75696B9A /* ScreenStatesDemo */,
			);
		};
/* End PBXProject section */

/* Begin PBXSourcesBuildPhase section */
		01A7DD92127C06A88287ABAC /* Sources */ = {
			isa = PBXSourcesBuildPhase;
			buildActionMask = 2147483647;
			files = (
				32C1A5ED242BDA202AE08C44 /* ArticlesScreen.swift in Sources */,
				D96598888753E7BE4A560FB1 /* DemoModels.swift in Sources */,
				6E238544A8105BFACB1D59C8 /* DemoServices.swift in Sources */,
				DF9AE17F507BDECDAF6A01A6 /* ScreenStatesDemoApp.swift in Sources */,
				B47BC89DDE869D391D70CCF5 /* TasksListView.swift in Sources */,
				ECDC49B2C3EC587525164758 /* TasksScreenRepresentable.swift in Sources */,
				5EBDE995516DF5E0AD36A58A /* TasksViewController.swift in Sources */,
			);
			runOnlyForDeploymentPostprocessing = 0;
		};
/* End PBXSourcesBuildPhase section */

/* Begin XCBuildConfiguration section */
		42ED49BDDAD2B6519C2BF78B /* Debug */ = {
			isa = XCBuildConfiguration;
			buildSettings = {
				ASSETCATALOG_COMPILER_APPICON_NAME = AppIcon;
				CODE_SIGN_IDENTITY = "iPhone Developer";
				CURRENT_PROJECT_VERSION = 1;
				GENERATE_INFOPLIST_FILE = YES;
				INFOPLIST_KEY_CFBundleDisplayName = "ScreenStates Demo";
				INFOPLIST_KEY_UIApplicationSceneManifest_Generation = YES;
				INFOPLIST_KEY_UILaunchScreen_Generation = YES;
				LD_RUNPATH_SEARCH_PATHS = (
					"$(inherited)",
					"@executable_path/Frameworks",
				);
				MARKETING_VERSION = 1.0;
				PRODUCT_BUNDLE_IDENTIFIER = com.marinaoreshina.screenstates.demo;
				SDKROOT = iphoneos;
				SWIFT_VERSION = 6.0;
				TARGETED_DEVICE_FAMILY = 1;
			};
			name = Debug;
		};
		5B935A641B287A28F1718AC1 /* Debug */ = {
			isa = XCBuildConfiguration;
			buildSettings = {
				ALWAYS_SEARCH_USER_PATHS = NO;
				CLANG_ANALYZER_NONNULL = YES;
				CLANG_ANALYZER_NUMBER_OBJECT_CONVERSION = YES_AGGRESSIVE;
				CLANG_CXX_LANGUAGE_STANDARD = "gnu++14";
				CLANG_CXX_LIBRARY = "libc++";
				CLANG_ENABLE_MODULES = YES;
				CLANG_ENABLE_OBJC_ARC = YES;
				CLANG_ENABLE_OBJC_WEAK = YES;
				CLANG_WARN_BLOCK_CAPTURE_AUTORELEASING = YES;
				CLANG_WARN_BOOL_CONVERSION = YES;
				CLANG_WARN_COMMA = YES;
				CLANG_WARN_CONSTANT_CONVERSION = YES;
				CLANG_WARN_DEPRECATED_OBJC_IMPLEMENTATIONS = YES;
				CLANG_WARN_DIRECT_OBJC_ISA_USAGE = YES_ERROR;
				CLANG_WARN_DOCUMENTATION_COMMENTS = YES;
				CLANG_WARN_EMPTY_BODY = YES;
				CLANG_WARN_ENUM_CONVERSION = YES;
				CLANG_WARN_INFINITE_RECURSION = YES;
				CLANG_WARN_INT_CONVERSION = YES;
				CLANG_WARN_NON_LITERAL_NULL_CONVERSION = YES;
				CLANG_WARN_OBJC_IMPLICIT_RETAIN_SELF = YES;
				CLANG_WARN_OBJC_LITERAL_CONVERSION = YES;
				CLANG_WARN_OBJC_ROOT_CLASS = YES_ERROR;
				CLANG_WARN_QUOTED_INCLUDE_IN_FRAMEWORK_HEADER = YES;
				CLANG_WARN_RANGE_LOOP_ANALYSIS = YES;
				CLANG_WARN_STRICT_PROTOTYPES = YES;
				CLANG_WARN_SUSPICIOUS_MOVE = YES;
				CLANG_WARN_UNGUARDED_AVAILABILITY = YES_AGGRESSIVE;
				CLANG_WARN_UNREACHABLE_CODE = YES;
				CLANG_WARN__DUPLICATE_METHOD_MATCH = YES;
				COPY_PHASE_STRIP = NO;
				DEBUG_INFORMATION_FORMAT = dwarf;
				ENABLE_STRICT_OBJC_MSGSEND = YES;
				ENABLE_TESTABILITY = YES;
				GCC_C_LANGUAGE_STANDARD = gnu11;
				GCC_DYNAMIC_NO_PIC = NO;
				GCC_NO_COMMON_BLOCKS = YES;
				GCC_OPTIMIZATION_LEVEL = 0;
				GCC_PREPROCESSOR_DEFINITIONS = (
					"$(inherited)",
					"DEBUG=1",
				);
				GCC_WARN_64_TO_32_BIT_CONVERSION = YES;
				GCC_WARN_ABOUT_RETURN_TYPE = YES_ERROR;
				GCC_WARN_UNDECLARED_SELECTOR = YES;
				GCC_WARN_UNINITIALIZED_AUTOS = YES_AGGRESSIVE;
				GCC_WARN_UNUSED_FUNCTION = YES;
				GCC_WARN_UNUSED_VARIABLE = YES;
				IPHONEOS_DEPLOYMENT_TARGET = 17.0;
				MTL_ENABLE_DEBUG_INFO = INCLUDE_SOURCE;
				MTL_FAST_MATH = YES;
				ONLY_ACTIVE_ARCH = YES;
				PRODUCT_NAME = "$(TARGET_NAME)";
				SDKROOT = iphoneos;
				SWIFT_ACTIVE_COMPILATION_CONDITIONS = DEBUG;
				SWIFT_OPTIMIZATION_LEVEL = "-Onone";
				SWIFT_VERSION = 5.0;
			};
			name = Debug;
		};
		AB5F7B2B12CAF403E53873BE /* Release */ = {
			isa = XCBuildConfiguration;
			buildSettings = {
				ASSETCATALOG_COMPILER_APPICON_NAME = AppIcon;
				CODE_SIGN_IDENTITY = "iPhone Developer";
				CURRENT_PROJECT_VERSION = 1;
				GENERATE_INFOPLIST_FILE = YES;
				INFOPLIST_KEY_CFBundleDisplayName = "ScreenStates Demo";
				INFOPLIST_KEY_UIApplicationSceneManifest_Generation = YES;
				INFOPLIST_KEY_UILaunchScreen_Generation = YES;
				LD_RUNPATH_SEARCH_PATHS = (
					"$(inherited)",
					"@executable_path/Frameworks",
				);
				MARKETING_VERSION = 1.0;
				PRODUCT_BUNDLE_IDENTIFIER = com.marinaoreshina.screenstates.demo;
				SDKROOT = iphoneos;
				SWIFT_VERSION = 6.0;
				TARGETED_DEVICE_FAMILY = 1;
			};
			name = Release;
		};
		FDCA9380E68B5F2E9F950C06 /* Release */ = {
			isa = XCBuildConfiguration;
			buildSettings = {
				ALWAYS_SEARCH_USER_PATHS = NO;
				CLANG_ANALYZER_NONNULL = YES;
				CLANG_ANALYZER_NUMBER_OBJECT_CONVERSION = YES_AGGRESSIVE;
				CLANG_CXX_LANGUAGE_STANDARD = "gnu++14";
				CLANG_CXX_LIBRARY = "libc++";
				CLANG_ENABLE_MODULES = YES;
				CLANG_ENABLE_OBJC_ARC = YES;
				CLANG_ENABLE_OBJC_WEAK = YES;
				CLANG_WARN_BLOCK_CAPTURE_AUTORELEASING = YES;
				CLANG_WARN_BOOL_CONVERSION = YES;
				CLANG_WARN_COMMA = YES;
				CLANG_WARN_CONSTANT_CONVERSION = YES;
				CLANG_WARN_DEPRECATED_OBJC_IMPLEMENTATIONS = YES;
				CLANG_WARN_DIRECT_OBJC_ISA_USAGE = YES_ERROR;
				CLANG_WARN_DOCUMENTATION_COMMENTS = YES;
				CLANG_WARN_EMPTY_BODY = YES;
				CLANG_WARN_ENUM_CONVERSION = YES;
				CLANG_WARN_INFINITE_RECURSION = YES;
				CLANG_WARN_INT_CONVERSION = YES;
				CLANG_WARN_NON_LITERAL_NULL_CONVERSION = YES;
				CLANG_WARN_OBJC_IMPLICIT_RETAIN_SELF = YES;
				CLANG_WARN_OBJC_LITERAL_CONVERSION = YES;
				CLANG_WARN_OBJC_ROOT_CLASS = YES_ERROR;
				CLANG_WARN_QUOTED_INCLUDE_IN_FRAMEWORK_HEADER = YES;
				CLANG_WARN_RANGE_LOOP_ANALYSIS = YES;
				CLANG_WARN_STRICT_PROTOTYPES = YES;
				CLANG_WARN_SUSPICIOUS_MOVE = YES;
				CLANG_WARN_UNGUARDED_AVAILABILITY = YES_AGGRESSIVE;
				CLANG_WARN_UNREACHABLE_CODE = YES;
				CLANG_WARN__DUPLICATE_METHOD_MATCH = YES;
				COPY_PHASE_STRIP = NO;
				DEBUG_INFORMATION_FORMAT = "dwarf-with-dsym";
				ENABLE_NS_ASSERTIONS = NO;
				ENABLE_STRICT_OBJC_MSGSEND = YES;
				GCC_C_LANGUAGE_STANDARD = gnu11;
				GCC_NO_COMMON_BLOCKS = YES;
				GCC_WARN_64_TO_32_BIT_CONVERSION = YES;
				GCC_WARN_ABOUT_RETURN_TYPE = YES_ERROR;
				GCC_WARN_UNDECLARED_SELECTOR = YES;
				GCC_WARN_UNINITIALIZED_AUTOS = YES_AGGRESSIVE;
				GCC_WARN_UNUSED_FUNCTION = YES;
				GCC_WARN_UNUSED_VARIABLE = YES;
				IPHONEOS_DEPLOYMENT_TARGET = 17.0;
				MTL_ENABLE_DEBUG_INFO = NO;
				MTL_FAST_MATH = YES;
				PRODUCT_NAME = "$(TARGET_NAME)";
				SDKROOT = iphoneos;
				SWIFT_COMPILATION_MODE = wholemodule;
				SWIFT_OPTIMIZATION_LEVEL = "-O";
				SWIFT_VERSION = 5.0;
			};
			name = Release;
		};
/* End XCBuildConfiguration section */

/* Begin XCConfigurationList section */
		BED6A135FD99D5F6A6AB2138 /* Build configuration list for PBXNativeTarget "ScreenStatesDemo" */ = {
			isa = XCConfigurationList;
			buildConfigurations = (
				42ED49BDDAD2B6519C2BF78B /* Debug */,
				AB5F7B2B12CAF403E53873BE /* Release */,
			);
			defaultConfigurationIsVisible = 0;
			defaultConfigurationName = Debug;
		};
		F807E9A4593014162457E7F6 /* Build configuration list for PBXProject "ScreenStatesDemo" */ = {
			isa = XCConfigurationList;
			buildConfigurations = (
				5B935A641B287A28F1718AC1 /* Debug */,
				FDCA9380E68B5F2E9F950C06 /* Release */,
			);
			defaultConfigurationIsVisible = 0;
			defaultConfigurationName = Debug;
		};
/* End XCConfigurationList section */

/* Begin XCLocalSwiftPackageReference section */
		187672039E9B82743A8AE4CC /* XCLocalSwiftPackageReference "../.." */ = {
			isa = XCLocalSwiftPackageReference;
			relativePath = ../..;
		};
/* End XCLocalSwiftPackageReference section */

/* Begin XCSwiftPackageProductDependency section */
		0837E1A780D32D9038D784FD /* ScreenStates */ = {
			isa = XCSwiftPackageProductDependency;
			productName = ScreenStates;
		};
/* End XCSwiftPackageProductDependency section */
	};
	rootObject = 56EFEA1E73F1838D2CAFBBAF /* Project object */;
}
